
Microsoft Visual Studio Solution File, Format Version 12.00
# Visual Studio Version 16
VisualStudioVersion = 16.0.30804.86
MinimumVisualStudioVersion = 10.0.40219.1
Project("{FAE04EC0-301F-11D3-BF4B-00C04F79EFBC}") = "CSles5", "CSles5\CSles5.csproj", "{57D8765A-2C92-45D4-A373-20F00D4A3155}"
EndProject
Global
	GlobalSection(SolutionConfigurationPlatforms) = preSolution
		Debug|Any CPU = Debug|Any CPU
		Release|Any CPU = Release|Any CPU
	EndGlobalSection
	GlobalSection(ProjectConfigurationPlatforms) = postSolution
		{57D8765A-2C92-45D4-A373-20F00D4A3155}.Debug|Any CPU.ActiveCfg = Debug|Any CPU
		{57D8765A-2C92-45D4-A373-20F00D4A3155}.Debug|Any CPU.Build.0 = Debug|Any CPU
		{57D8765A-2C92-45D4-A373-20F00D4A3155}.Release|Any CPU.ActiveCfg = Release|Any CPU
		{57D8765A-2C92-45D4-A373-20F00D4A3155}.Release|Any CPU.Build.0 = Release|Any CPU
	EndGlobalSection
	GlobalSection(SolutionProperties) = preSolution
		HideSolutionNode = FALSE
	EndGlobalSection
	GlobalSection(ExtensibilityGlobals) = postSolution
		SolutionGuid = {FC9B9CA3-5FC1-4ED4-B154-006771072989}
	EndGlobalSection
EndGlobal
